
Microsoft Visual Studio Solution File, Format Version 12.00
# Visual Studio Version 17
VisualStudioVersion = 17.10.35013.160
MinimumVisualStudioVersion = 10.0.40219.1
Project("{9A19103F-16F7-4668-BE54-9A1E7A4F7556}") = "DAL", "DAL\DAL.csproj", "{3AB1A15C-4A1D-4A27-A478-958DC48D0541}"
EndProject
Project("{9A19103F-16F7-4668-BE54-9A1E7A4F7556}") = "PL", "PL\PL.csproj", "{AD850891-102C-4657-A2B4-0372278D1E74}"
	ProjectSection(ProjectDependencies) = postProject
		{1961B4EC-D2F7-4998-8018-9E8CC3C98F2F} = {1961B4EC-D2F7-4998-8018-9E8CC3C98F2F}
	EndProjectSection
EndProject
Project("{9A19103F-16F7-4668-BE54-9A1E7A4F7556}") = "BLL", "BLL\BLL.csproj", "{1961B4EC-D2F7-4998-8018-9E8CC3C98F2F}"
	ProjectSection(ProjectDependencies) = postProject
		{3AB1A15C-4A1D-4A27-A478-958DC48D0541} = {3AB1A15C-4A1D-4A27-A478-958DC48D0541}
	EndProjectSection
EndProject
Global
	GlobalSection(SolutionConfigurationPlatforms) = preSolution
		Debug|Any CPU = Debug|Any CPU
		Release|Any CPU = Release|Any CPU
	EndGlobalSection
	GlobalSection(ProjectConfigurationPlatforms) = postSolution
		{3AB1A15C-4A1D-4A27-A478-958DC48D0541}.Debug|Any CPU.ActiveCfg = Debug|Any CPU
		{3AB1A15C-4A1D-4A27-A478-958DC48D0541}.Debug|Any CPU.Build.0 = Debug|Any CPU
		{3AB1A15C-4A1D-4A27-A478-958DC48D0541}.Release|Any CPU.ActiveCfg = Release|Any CPU
		{3AB1A15C-4A1D-4A27-A478-958DC48D0541}.Release|Any CPU.Build.0 = Release|Any CPU
		{AD850891-102C-4657-A2B4-0372278D1E74}.Debug|Any CPU.ActiveCfg = Debug|Any CPU
		{AD850891-102C-4657-A2B4-0372278D1E74}.Debug|Any CPU.Build.0 = Debug|Any CPU
		{AD850891-102C-4657-A2B4-0372278D1E74}.Release|Any CPU.ActiveCfg = Release|Any CPU
		{AD850891-102C-4657-A2B4-0372278D1E74}.Release|Any CPU.Build.0 = Release|Any CPU
		{1961B4EC-D2F7-4998-8018-9E8CC3C98F2F}.Debug|Any CPU.ActiveCfg = Debug|Any CPU
		{1961B4EC-D2F7-4998-8018-9E8CC3C98F2F}.Debug|Any CPU.Build.0 = Debug|Any CPU
		{1961B4EC-D2F7-4998-8018-9E8CC3C98F2F}.Release|Any CPU.ActiveCfg = Release|Any CPU
		{1961B4EC-D2F7-4998-8018-9E8CC3C98F2F}.Release|Any CPU.Build.0 = Release|Any CPU
	EndGlobalSection
	GlobalSection(SolutionProperties) = preSolution
		HideSolutionNode = FALSE
	EndGlobalSection
	GlobalSection(ExtensibilityGlobals) = postSolution
		SolutionGuid = {D443FA1F-5234-4107-AF4A-483B12AD4EFF}
	EndGlobalSection
EndGlobal
